
Microsoft Visual Studio Solution File, Format Version 12.00
# Visual Studio 14
VisualStudioVersion = 14.0.25420.1
MinimumVisualStudioVersion = 10.0.40219.1
Project("{2150E333-8FDC-42A3-9474-1A3956D46DE8}") = "src", "src", "{66A484BF-3E73-45B2-837F-D79D9C261A25}"
EndProject
Project("{2150E333-8FDC-42A3-9474-1A3956D46DE8}") = "Solution Items", "Solution Items", "{82C4F0EF-C6EF-4E52-95AC-73138F63BE42}"
	ProjectSection(SolutionItems) = preProject
		global.json = global.json
	EndProjectSection
EndProject
Project("{8BB2217D-0F2D-49D1-97BC-3654ED321F3B}") = "ProxSenceProject", "src\ProxSenceProject\ProxSenceProject.xproj", "{C178CC3A-25B0-4EC3-8B9E-77AC5DC67278}"
EndProject
Project("{2150E333-8FDC-42A3-9474-1A3956D46DE8}") = "ProxSenceTests", "ProxSenceTests", "{D7383643-7D85-4DC9-82DA-DA21C29C8C0D}"
EndProject
Project("{8BB2217D-0F2D-49D1-97BC-3654ED321F3B}") = "TestLibrary", "TestLibrary\TestLibrary.xproj", "{25093951-90C4-43CA-9DD8-5DB1862EFF8C}"
EndProject
Global
	GlobalSection(SolutionConfigurationPlatforms) = preSolution
		Debug|Any CPU = Debug|Any CPU
		Release|Any CPU = Release|Any CPU
	EndGlobalSection
	GlobalSection(ProjectConfigurationPlatforms) = postSolution
		{C178CC3A-25B0-4EC3-8B9E-77AC5DC67278}.Debug|Any CPU.ActiveCfg = Debug|Any CPU
		{C178CC3A-25B0-4EC3-8B9E-77AC5DC67278}.Debug|Any CPU.Build.0 = Debug|Any CPU
		{C178CC3A-25B0-4EC3-8B9E-77AC5DC67278}.Release|Any CPU.ActiveCfg = Release|Any CPU
		{C178CC3A-25B0-4EC3-8B9E-77AC5DC67278}.Release|Any CPU.Build.0 = Release|Any CPU
		{25093951-90C4-43CA-9DD8-5DB1862EFF8C}.Debug|Any CPU.ActiveCfg = Debug|Any CPU
		{25093951-90C4-43CA-9DD8-5DB1862EFF8C}.Debug|Any CPU.Build.0 = Debug|Any CPU
		{25093951-90C4-43CA-9DD8-5DB1862EFF8C}.Release|Any CPU.ActiveCfg = Release|Any CPU
		{25093951-90C4-43CA-9DD8-5DB1862EFF8C}.Release|Any CPU.Build.0 = Release|Any CPU
	EndGlobalSection
	GlobalSection(SolutionProperties) = preSolution
		HideSolutionNode = FALSE
	EndGlobalSection
	GlobalSection(NestedProjects) = preSolution
		{C178CC3A-25B0-4EC3-8B9E-77AC5DC67278} = {66A484BF-3E73-45B2-837F-D79D9C261A25}
		{D7383643-7D85-4DC9-82DA-DA21C29C8C0D} = {66A484BF-3E73-45B2-837F-D79D9C261A25}
		{25093951-90C4-43CA-9DD8-5DB1862EFF8C} = {D7383643-7D85-4DC9-82DA-DA21C29C8C0D}
	EndGlobalSection
EndGlobal
